
Microsoft Visual Studio Solution File, Format Version 12.00
# Visual Studio 15
VisualStudioVersion = 15.0.27130.2020
MinimumVisualStudioVersion = 10.0.40219.1
Project("{8BC9CEB8-8B4A-11D0-8D11-00A0C91BC942}") = "CS 11 Assignment 12.2", "CS 11 Assignment 12.2\CS 11 Assignment 12.2.vcxproj", "{BFE8FC82-C614-4C78-B9DA-485A759521FC}"
EndProject
Global
	GlobalSection(SolutionConfigurationPlatforms) = preSolution
		Debug|x64 = Debug|x64
		Debug|x86 = Debug|x86
		Release|x64 = Release|x64
		Release|x86 = Release|x86
	EndGlobalSection
	GlobalSection(ProjectConfigurationPlatforms) = postSolution
		{BFE8FC82-C614-4C78-B9DA-485A759521FC}.Debug|x64.ActiveCfg = Debug|x64
		{BFE8FC82-C614-4C78-B9DA-485A759521FC}.Debug|x64.Build.0 = Debug|x64
		{BFE8FC82-C614-4C78-B9DA-485A759521FC}.Debug|x86.ActiveCfg = Debug|Win32
		{BFE8FC82-C614-4C78-B9DA-485A759521FC}.Debug|x86.Build.0 = Debug|Win32
		{BFE8FC82-C614-4C78-B9DA-485A759521FC}.Release|x64.ActiveCfg = Release|x64
		{BFE8FC82-C614-4C78-B9DA-485A759521FC}.Release|x64.Build.0 = Release|x64
		{BFE8FC82-C614-4C78-B9DA-485A759521FC}.Release|x86.ActiveCfg = Release|Win32
		{BFE8FC82-C614-4C78-B9DA-485A759521FC}.Release|x86.Build.0 = Release|Win32
	EndGlobalSection
	GlobalSection(SolutionProperties) = preSolution
		HideSolutionNode = FALSE
	EndGlobalSection
	GlobalSection(ExtensibilityGlobals) = postSolution
		SolutionGuid = {087C4C6F-1D49-4F54-A2D5-EDE057470A36}
	EndGlobalSection
EndGlobal
