
Microsoft Visual Studio Solution File, Format Version 12.00
# Visual Studio 15
VisualStudioVersion = 15.0.27130.2020
MinimumVisualStudioVersion = 10.0.40219.1
Project("{8BC9CEB8-8B4A-11D0-8D11-00A0C91BC942}") = "CS 11 Assignment 2-3", "CS 11 Assignment 2-3\CS 11 Assignment 2-3.vcxproj", "{C2B2D02F-4883-4102-9B6C-E06B1E8D3F63}"
EndProject
Global
	GlobalSection(SolutionConfigurationPlatforms) = preSolution
		Debug|x64 = Debug|x64
		Debug|x86 = Debug|x86
		Release|x64 = Release|x64
		Release|x86 = Release|x86
	EndGlobalSection
	GlobalSection(ProjectConfigurationPlatforms) = postSolution
		{C2B2D02F-4883-4102-9B6C-E06B1E8D3F63}.Debug|x64.ActiveCfg = Debug|x64
		{C2B2D02F-4883-4102-9B6C-E06B1E8D3F63}.Debug|x64.Build.0 = Debug|x64
		{C2B2D02F-4883-4102-9B6C-E06B1E8D3F63}.Debug|x86.ActiveCfg = Debug|Win32
		{C2B2D02F-4883-4102-9B6C-E06B1E8D3F63}.Debug|x86.Build.0 = Debug|Win32
		{C2B2D02F-4883-4102-9B6C-E06B1E8D3F63}.Release|x64.ActiveCfg = Release|x64
		{C2B2D02F-4883-4102-9B6C-E06B1E8D3F63}.Release|x64.Build.0 = Release|x64
		{C2B2D02F-4883-4102-9B6C-E06B1E8D3F63}.Release|x86.ActiveCfg = Release|Win32
		{C2B2D02F-4883-4102-9B6C-E06B1E8D3F63}.Release|x86.Build.0 = Release|Win32
	EndGlobalSection
	GlobalSection(SolutionProperties) = preSolution
		HideSolutionNode = FALSE
	EndGlobalSection
	GlobalSection(ExtensibilityGlobals) = postSolution
		SolutionGuid = {DAD00FF4-7D86-4FF8-8616-B964E9004C28}
	EndGlobalSection
EndGlobal
